# THIS IS AN AUTOGENERATED FILE. DO NOT EDIT THIS FILE DIRECTLY.
# yarn lockfile v1


"@babel/parser@^7.16.4":
  version "7.20.1"
  resolved "https://registry.yarnpkg.com/@babel/parser/-/parser-7.20.1.tgz#3e045a92f7b4623cafc2425eddcb8cf2e54f9cc5"
  integrity sha512-hp0AYxaZJhxULfM1zyp7Wgr+pSUKBcP3M+PHnSzWGdXOzg/kHWIgiUWARvubhUKGOEw3xqY4x+lyZ9ytBVcELw==

"@esbuild/android-arm@0.15.12":
  version "0.15.12"
  resolved "https://registry.yarnpkg.com/@esbuild/android-arm/-/android-arm-0.15.12.tgz#e548b10a5e55b9e10537a049ebf0bc72c453b769"
  integrity sha512-IC7TqIqiyE0MmvAhWkl/8AEzpOtbhRNDo7aph47We1NbE5w2bt/Q+giAhe0YYeVpYnIhGMcuZY92qDK6dQauvA==

"@esbuild/linux-loong64@0.15.12":
  version "0.15.12"
  resolved "https://registry.yarnpkg.com/@esbuild/linux-loong64/-/linux-loong64-0.15.12.tgz#475b33a2631a3d8ca8aa95ee127f9a61d95bf9c1"
  integrity sha512-tZEowDjvU7O7I04GYvWQOS4yyP9E/7YlsB0jjw1Ycukgr2ycEzKyIk5tms5WnLBymaewc6VmRKnn5IJWgK4eFw==

"@intlify/core-base@9.2.2":
  version "9.2.2"
  resolved "https://registry.yarnpkg.com/@intlify/core-base/-/core-base-9.2.2.tgz#5353369b05cc9fe35cab95fe20afeb8a4481f939"
  integrity sha512-JjUpQtNfn+joMbrXvpR4hTF8iJQ2sEFzzK3KIESOx+f+uwIjgw20igOyaIdhfsVVBCds8ZM64MoeNSx+PHQMkA==
  dependencies:
    "@intlify/devtools-if" "9.2.2"
    "@intlify/message-compiler" "9.2.2"
    "@intlify/shared" "9.2.2"
    "@intlify/vue-devtools" "9.2.2"

"@intlify/devtools-if@9.2.2":
  version "9.2.2"
  resolved "https://registry.yarnpkg.com/@intlify/devtools-if/-/devtools-if-9.2.2.tgz#b13d9ac4b4e2fe6d2e7daa556517a8061fe8bd39"
  integrity sha512-4ttr/FNO29w+kBbU7HZ/U0Lzuh2cRDhP8UlWOtV9ERcjHzuyXVZmjyleESK6eVP60tGC9QtQW9yZE+JeRhDHkg==
  dependencies:
    "@intlify/shared" "9.2.2"

"@intlify/message-compiler@9.2.2":
  version "9.2.2"
  resolved "https://registry.yarnpkg.com/@intlify/message-compiler/-/message-compiler-9.2.2.tgz#e42ab6939b8ae5b3d21faf6a44045667a18bba1c"
  integrity sha512-IUrQW7byAKN2fMBe8z6sK6riG1pue95e5jfokn8hA5Q3Bqy4MBJ5lJAofUsawQJYHeoPJ7svMDyBaVJ4d0GTtA==
  dependencies:
    "@intlify/shared" "9.2.2"
    source-map "0.6.1"

"@intlify/shared@9.2.2":
  version "9.2.2"
  resolved "https://registry.yarnpkg.com/@intlify/shared/-/shared-9.2.2.tgz#5011be9ca2b4ab86f8660739286e2707f9abb4a5"
  integrity sha512-wRwTpsslgZS5HNyM7uDQYZtxnbI12aGiBZURX3BTR9RFIKKRWpllTsgzHWvj3HKm3Y2Sh5LPC1r0PDCKEhVn9Q==

"@intlify/vue-devtools@9.2.2":
  version "9.2.2"
  resolved "https://registry.yarnpkg.com/@intlify/vue-devtools/-/vue-devtools-9.2.2.tgz#b95701556daf7ebb3a2d45aa3ae9e6415aed8317"
  integrity sha512-+dUyqyCHWHb/UcvY1MlIpO87munedm3Gn6E9WWYdWrMuYLcoIoOEVDWSS8xSwtlPU+kA+MEQTP6Q1iI/ocusJg==
  dependencies:
    "@intlify/core-base" "9.2.2"
    "@intlify/shared" "9.2.2"

"@types/web-bluetooth@^0.0.16":
  version "0.0.16"
  resolved "https://registry.yarnpkg.com/@types/web-bluetooth/-/web-bluetooth-0.0.16.tgz#1d12873a8e49567371f2a75fe3e7f7edca6662d8"
  integrity sha512-oh8q2Zc32S6gd/j50GowEjKLoOVOwHP/bWVjKJInBwQqdOYMdPrf1oVlelTlyfFK3CKxL1uahMDAr+vy8T7yMQ==

"@vitejs/plugin-vue@^3.2.0":
  version "3.2.0"
  resolved "https://registry.yarnpkg.com/@vitejs/plugin-vue/-/plugin-vue-3.2.0.tgz#a1484089dd85d6528f435743f84cdd0d215bbb54"
  integrity sha512-E0tnaL4fr+qkdCNxJ+Xd0yM31UwMkQje76fsDVBBUCoGOUPexu2VDUYHL8P4CwV+zMvWw6nlRw19OnRKmYAJpw==

"@vue/compiler-core@3.2.41":
  version "3.2.41"
  resolved "https://registry.yarnpkg.com/@vue/compiler-core/-/compiler-core-3.2.41.tgz#fb5b25f23817400f44377d878a0cdead808453ef"
  integrity sha512-oA4mH6SA78DT+96/nsi4p9DX97PHcNROxs51lYk7gb9Z4BPKQ3Mh+BLn6CQZBw857Iuhu28BfMSRHAlPvD4vlw==
  dependencies:
    "@babel/parser" "^7.16.4"
    "@vue/shared" "3.2.41"
    estree-walker "^2.0.2"
    source-map "^0.6.1"

"@vue/compiler-dom@3.2.41":
  version "3.2.41"
  resolved "https://registry.yarnpkg.com/@vue/compiler-dom/-/compiler-dom-3.2.41.tgz#dc63dcd3ce8ca8a8721f14009d498a7a54380299"
  integrity sha512-xe5TbbIsonjENxJsYRbDJvthzqxLNk+tb3d/c47zgREDa/PCp6/Y4gC/skM4H6PIuX5DAxm7fFJdbjjUH2QTMw==
  dependencies:
    "@vue/compiler-core" "3.2.41"
    "@vue/shared" "3.2.41"

"@vue/compiler-sfc@3.2.41":
  version "3.2.41"
  resolved "https://registry.yarnpkg.com/@vue/compiler-sfc/-/compiler-sfc-3.2.41.tgz#238fb8c48318408c856748f4116aff8cc1dc2a73"
  integrity sha512-+1P2m5kxOeaxVmJNXnBskAn3BenbTmbxBxWOtBq3mQTCokIreuMULFantBUclP0+KnzNCMOvcnKinqQZmiOF8w==
  dependencies:
    "@babel/parser" "^7.16.4"
    "@vue/compiler-core" "3.2.41"
    "@vue/compiler-dom" "3.2.41"
    "@vue/compiler-ssr" "3.2.41"
    "@vue/reactivity-transform" "3.2.41"
    "@vue/shared" "3.2.41"
    estree-walker "^2.0.2"
    magic-string "^0.25.7"
    postcss "^8.1.10"
    source-map "^0.6.1"

"@vue/compiler-ssr@3.2.41":
  version "3.2.41"
  resolved "https://registry.yarnpkg.com/@vue/compiler-ssr/-/compiler-ssr-3.2.41.tgz#344f564d68584b33367731c04ffc949784611fcb"
  integrity sha512-Y5wPiNIiaMz/sps8+DmhaKfDm1xgj6GrH99z4gq2LQenfVQcYXmHIOBcs5qPwl7jaW3SUQWjkAPKMfQemEQZwQ==
  dependencies:
    "@vue/compiler-dom" "3.2.41"
    "@vue/shared" "3.2.41"

"@vue/devtools-api@^6.2.1", "@vue/devtools-api@^6.4.5":
  version "6.4.5"
  resolved "https://registry.yarnpkg.com/@vue/devtools-api/-/devtools-api-6.4.5.tgz#d54e844c1adbb1e677c81c665ecef1a2b4bb8380"
  integrity sha512-JD5fcdIuFxU4fQyXUu3w2KpAJHzTVdN+p4iOX2lMWSHMOoQdMAcpFLZzm9Z/2nmsoZ1a96QEhZ26e50xLBsgOQ==

"@vue/reactivity-transform@3.2.41":
  version "3.2.41"
  resolved "https://registry.yarnpkg.com/@vue/reactivity-transform/-/reactivity-transform-3.2.41.tgz#9ff938877600c97f646e09ac1959b5150fb11a0c"
  integrity sha512-mK5+BNMsL4hHi+IR3Ft/ho6Za+L3FA5j8WvreJ7XzHrqkPq8jtF/SMo7tuc9gHjLDwKZX1nP1JQOKo9IEAn54A==
  dependencies:
    "@babel/parser" "^7.16.4"
    "@vue/compiler-core" "3.2.41"
    "@vue/shared" "3.2.41"
    estree-walker "^2.0.2"
    magic-string "^0.25.7"

"@vue/reactivity@3.2.41":
  version "3.2.41"
  resolved "https://registry.yarnpkg.com/@vue/reactivity/-/reactivity-3.2.41.tgz#0ad3bdf76d76822da1502dc9f394dafd02642963"
  integrity sha512-9JvCnlj8uc5xRiQGZ28MKGjuCoPhhTwcoAdv3o31+cfGgonwdPNuvqAXLhlzu4zwqavFEG5tvaoINQEfxz+l6g==
  dependencies:
    "@vue/shared" "3.2.41"

"@vue/runtime-core@3.2.41":
  version "3.2.41"
  resolved "https://registry.yarnpkg.com/@vue/runtime-core/-/runtime-core-3.2.41.tgz#775bfc00b3fadbaddab77138f23322aee3517a76"
  integrity sha512-0LBBRwqnI0p4FgIkO9q2aJBBTKDSjzhnxrxHYengkAF6dMOjeAIZFDADAlcf2h3GDALWnblbeprYYpItiulSVQ==
  dependencies:
    "@vue/reactivity" "3.2.41"
    "@vue/shared" "3.2.41"

"@vue/runtime-dom@3.2.41":
  version "3.2.41"
  resolved "https://registry.yarnpkg.com/@vue/runtime-dom/-/runtime-dom-3.2.41.tgz#cdf86be7410f7b15c29632a96ce879e5b4c9ab92"
  integrity sha512-U7zYuR1NVIP8BL6jmOqmapRAHovEFp7CSw4pR2FacqewXNGqZaRfHoNLQsqQvVQ8yuZNZtxSZy0FFyC70YXPpA==
  dependencies:
    "@vue/runtime-core" "3.2.41"
    "@vue/shared" "3.2.41"
    csstype "^2.6.8"

"@vue/server-renderer@3.2.41":
  version "3.2.41"
  resolved "https://registry.yarnpkg.com/@vue/server-renderer/-/server-renderer-3.2.41.tgz#ca64552c05878f94e8d191ac439141c06c0fb2ad"
  integrity sha512-7YHLkfJdTlsZTV0ae5sPwl9Gn/EGr2hrlbcS/8naXm2CDpnKUwC68i1wGlrYAfIgYWL7vUZwk2GkYLQH5CvFig==
  dependencies:
    "@vue/compiler-ssr" "3.2.41"
    "@vue/shared" "3.2.41"

"@vue/shared@3.2.41":
  version "3.2.41"
  resolved "https://registry.yarnpkg.com/@vue/shared/-/shared-3.2.41.tgz#fbc95422df654ea64e8428eced96ba6ad555d2bb"
  integrity sha512-W9mfWLHmJhkfAmV+7gDjcHeAWALQtgGT3JErxULl0oz6R6+3ug91I7IErs93eCFhPCZPHBs4QJS7YWEV7A3sxw==

"@vuetify/loader-shared@^1.4.0":
  version "1.7.0"
  resolved "https://registry.yarnpkg.com/@vuetify/loader-shared/-/loader-shared-1.7.0.tgz#b3bea7f90795dd8efdb536b192335590d85bffdd"
  integrity sha512-Db4K67wMhduDsbvdRBYkrYuomti+j0E/1vlz1lnDng5F9LYYBcXa60qypIazVGI6GX/CuY1vshN6XGtGQI4FKg==
  dependencies:
    find-cache-dir "^3.3.2"
    upath "^2.0.1"

"@vuetify/vite-plugin@^1.0.0-alpha.11":
  version "1.0.0-alpha.11"
  resolved "https://registry.yarnpkg.com/@vuetify/vite-plugin/-/vite-plugin-1.0.0-alpha.11.tgz#43cd0fa4134da2467d7dd134b35b5d21a54ddfca"
  integrity sha512-ADAEubiF+2VHbcsJs0nWCBThc4LX+mGnioYrF0O+jKTvCICT1PJKpp15+M7ZyyM9sAkEFpVH+5FaH5/Ywj7RWg==
  dependencies:
    "@vuetify/loader-shared" "^1.4.0"
    debug "^4.3.3"

"@vueuse/core@^9.6.0":
  version "9.6.0"
  resolved "https://registry.yarnpkg.com/@vueuse/core/-/core-9.6.0.tgz#de1d4730849cdbe28a9ebcf6cad167a700919603"
  integrity sha512-qGUcjKQXHgN+jqXEgpeZGoxdCbIDCdVPz3QiF1uyecVGbMuM63o96I1GjYx5zskKgRI0FKSNsVWM7rwrRMTf6A==
  dependencies:
    "@types/web-bluetooth" "^0.0.16"
    "@vueuse/metadata" "9.6.0"
    "@vueuse/shared" "9.6.0"
    vue-demi "*"

"@vueuse/metadata@9.6.0":
  version "9.6.0"
  resolved "https://registry.yarnpkg.com/@vueuse/metadata/-/metadata-9.6.0.tgz#b0a73277538cebef5d477983f74fdd2aa21ce5f9"
  integrity sha512-sIC8R+kWkIdpi5X2z2Gk8TRYzmczDwHRhEFfCu2P+XW2JdPoXrziqsGpDDsN7ykBx4ilwieS7JUIweVGhvZ93w==

"@vueuse/shared@9.6.0":
  version "9.6.0"
  resolved "https://registry.yarnpkg.com/@vueuse/shared/-/shared-9.6.0.tgz#ce2e0e8124c6bdb1e270fc213e334ccc71dcb951"
  integrity sha512-/eDchxYYhkHnFyrb00t90UfjCx94kRHxc7J1GtBCqCG4HyPMX+krV9XJgVtWIsAMaxKVU4fC8NSUviG1JkwhUQ==
  dependencies:
    vue-demi "*"

anymatch@~3.1.2:
  version "3.1.2"
  resolved "https://registry.yarnpkg.com/anymatch/-/anymatch-3.1.2.tgz#c0557c096af32f106198f4f4e2a383537e378716"
  integrity sha512-P43ePfOAIupkguHUycrc4qJ9kz8ZiuOUijaETwX7THt0Y/GNK7v0aa8rY816xWjZ7rJdA5XdMcpVFTKMq+RvWg==
  dependencies:
    normalize-path "^3.0.0"
    picomatch "^2.0.4"

binary-extensions@^2.0.0:
  version "2.2.0"
  resolved "https://registry.yarnpkg.com/binary-extensions/-/binary-extensions-2.2.0.tgz#75f502eeaf9ffde42fc98829645be4ea76bd9e2d"
  integrity sha512-jDctJ/IVQbZoJykoeHbhXpOlNBqGNcwXJKJog42E5HDPUwQTSdjCHdihjj0DlnheQ7blbT6dHOafNAiS8ooQKA==

braces@~3.0.2:
  version "3.0.2"
  resolved "https://registry.yarnpkg.com/braces/-/braces-3.0.2.tgz#3454e1a462ee8d599e236df336cd9ea4f8afe107"
  integrity sha512-b8um+L1RzM3WDSzvhm6gIz1yfTbBt6YTlcEKAvsmqCZZFw46z626lVj9j1yEPW33H5H+lBQpZMP1k8l+78Ha0A==
  dependencies:
    fill-range "^7.0.1"

"chokidar@>=3.0.0 <4.0.0":
  version "3.5.3"
  resolved "https://registry.yarnpkg.com/chokidar/-/chokidar-3.5.3.tgz#1cf37c8707b932bd1af1ae22c0432e2acd1903bd"
  integrity sha512-Dr3sfKRP6oTcjf2JmUmFJfeVMvXBdegxB0iVQ5eb2V10uFJUCAS8OByZdVAyVb8xXNz3GjjTgj9kLWsZTqE6kw==
  dependencies:
    anymatch "~3.1.2"
    braces "~3.0.2"
    glob-parent "~5.1.2"
    is-binary-path "~2.1.0"
    is-glob "~4.0.1"
    normalize-path "~3.0.0"
    readdirp "~3.6.0"
  optionalDependencies:
    fsevents "~2.3.2"

commondir@^1.0.1:
  version "1.0.1"
  resolved "https://registry.yarnpkg.com/commondir/-/commondir-1.0.1.tgz#ddd800da0c66127393cca5950ea968a3aaf1253b"
  integrity sha512-W9pAhw0ja1Edb5GVdIF1mjZw/ASI0AlShXM83UUGe2DVr5TdAPEA1OA8m/g8zWp9x6On7gqufY+FatDbC3MDQg==

csstype@^2.6.8:
  version "2.6.21"
  resolved "https://registry.yarnpkg.com/csstype/-/csstype-2.6.21.tgz#2efb85b7cc55c80017c66a5ad7cbd931fda3a90e"
  integrity sha512-Z1PhmomIfypOpoMjRQB70jfvy/wxT50qW08YXO5lMIJkrdq4yOTR+AW7FqutScmB9NkLwxo+jU+kZLbofZZq/w==

debug@^4.3.3:
  version "4.3.4"
  resolved "https://registry.yarnpkg.com/debug/-/debug-4.3.4.tgz#1319f6579357f2338d3337d2cdd4914bb5dcc865"
  integrity sha512-PRWFHuSU3eDtQJPvnNY7Jcket1j0t5OuOsFzPPzsekD52Zl8qUfFIPEiswXqIvHWGVHOgX+7G/vCNNhehwxfkQ==
  dependencies:
    ms "2.1.2"

dom7@^4.0.4:
  version "4.0.4"
  resolved "https://registry.yarnpkg.com/dom7/-/dom7-4.0.4.tgz#8b68c5d8e5e2ed0fddb1cb93e433bc9060c8f3fb"
  integrity sha512-DSSgBzQ4rJWQp1u6o+3FVwMNnT5bzQbMb+o31TjYYeRi05uAcpF8koxdfzeoe5ElzPmua7W7N28YJhF7iEKqIw==
  dependencies:
    ssr-window "^4.0.0"

esbuild-android-64@0.15.12:
  version "0.15.12"
  resolved "https://registry.yarnpkg.com/esbuild-android-64/-/esbuild-android-64-0.15.12.tgz#5e8151d5f0a748c71a7fbea8cee844ccf008e6fc"
  integrity sha512-MJKXwvPY9g0rGps0+U65HlTsM1wUs9lbjt5CU19RESqycGFDRijMDQsh68MtbzkqWSRdEtiKS1mtPzKneaAI0Q==

esbuild-android-arm64@0.15.12:
  version "0.15.12"
  resolved "https://registry.yarnpkg.com/esbuild-android-arm64/-/esbuild-android-arm64-0.15.12.tgz#5ee72a6baa444bc96ffcb472a3ba4aba2cc80666"
  integrity sha512-Hc9SEcZbIMhhLcvhr1DH+lrrec9SFTiRzfJ7EGSBZiiw994gfkVV6vG0sLWqQQ6DD7V4+OggB+Hn0IRUdDUqvA==

esbuild-darwin-64@0.15.12:
  version "0.15.12"
  resolved "https://registry.yarnpkg.com/esbuild-darwin-64/-/esbuild-darwin-64-0.15.12.tgz#70047007e093fa1b3ba7ef86f9b3fa63db51fe25"
  integrity sha512-qkmqrTVYPFiePt5qFjP8w/S+GIUMbt6k8qmiPraECUWfPptaPJUGkCKrWEfYFRWB7bY23FV95rhvPyh/KARP8Q==

esbuild-darwin-arm64@0.15.12:
  version "0.15.12"
  resolved "https://registry.yarnpkg.com/esbuild-darwin-arm64/-/esbuild-darwin-arm64-0.15.12.tgz#41c951f23d9a70539bcca552bae6e5196696ae04"
  integrity sha512-z4zPX02tQ41kcXMyN3c/GfZpIjKoI/BzHrdKUwhC/Ki5BAhWv59A9M8H+iqaRbwpzYrYidTybBwiZAIWCLJAkw==

esbuild-freebsd-64@0.15.12:
  version "0.15.12"
  resolved "https://registry.yarnpkg.com/esbuild-freebsd-64/-/esbuild-freebsd-64-0.15.12.tgz#a761b5afd12bbedb7d56c612e9cfa4d2711f33f0"
  integrity sha512-XFL7gKMCKXLDiAiBjhLG0XECliXaRLTZh6hsyzqUqPUf/PY4C6EJDTKIeqqPKXaVJ8+fzNek88285krSz1QECw==

esbuild-freebsd-arm64@0.15.12:
  version "0.15.12"
  resolved "https://registry.yarnpkg.com/esbuild-freebsd-arm64/-/esbuild-freebsd-arm64-0.15.12.tgz#6b0839d4d58deabc6cbd96276eb8cbf94f7f335e"
  integrity sha512-jwEIu5UCUk6TjiG1X+KQnCGISI+ILnXzIzt9yDVrhjug2fkYzlLbl0K43q96Q3KB66v6N1UFF0r5Ks4Xo7i72g==

esbuild-linux-32@0.15.12:
  version "0.15.12"
  resolved "https://registry.yarnpkg.com/esbuild-linux-32/-/esbuild-linux-32-0.15.12.tgz#bd50bfe22514d434d97d5150977496e2631345b4"
  integrity sha512-uSQuSEyF1kVzGzuIr4XM+v7TPKxHjBnLcwv2yPyCz8riV8VUCnO/C4BF3w5dHiVpCd5Z1cebBtZJNlC4anWpwA==

esbuild-linux-64@0.15.12:
  version "0.15.12"
  resolved "https://registry.yarnpkg.com/esbuild-linux-64/-/esbuild-linux-64-0.15.12.tgz#074bb2b194bf658245f8490f29c01ffcdfa8c931"
  integrity sha512-QcgCKb7zfJxqT9o5z9ZUeGH1k8N6iX1Y7VNsEi5F9+HzN1OIx7ESxtQXDN9jbeUSPiRH1n9cw6gFT3H4qbdvcA==

esbuild-linux-arm64@0.15.12:
  version "0.15.12"
  resolved "https://registry.yarnpkg.com/esbuild-linux-arm64/-/esbuild-linux-arm64-0.15.12.tgz#3bf789c4396dc032875a122988efd6f3733f28f5"
  integrity sha512-HtNq5xm8fUpZKwWKS2/YGwSfTF+339L4aIA8yphNKYJckd5hVdhfdl6GM2P3HwLSCORS++++7++//ApEwXEuAQ==

esbuild-linux-arm@0.15.12:
  version "0.15.12"
  resolved "https://registry.yarnpkg.com/esbuild-linux-arm/-/esbuild-linux-arm-0.15.12.tgz#b91b5a8d470053f6c2c9c8a5e67ec10a71fe4a67"
  integrity sha512-Wf7T0aNylGcLu7hBnzMvsTfEXdEdJY/hY3u36Vla21aY66xR0MS5I1Hw8nVquXjTN0A6fk/vnr32tkC/C2lb0A==

esbuild-linux-mips64le@0.15.12:
  version "0.15.12"
  resolved "https://registry.yarnpkg.com/esbuild-linux-mips64le/-/esbuild-linux-mips64le-0.15.12.tgz#2fb54099ada3c950a7536dfcba46172c61e580e2"
  integrity sha512-Qol3+AvivngUZkTVFgLpb0H6DT+N5/zM3V1YgTkryPYFeUvuT5JFNDR3ZiS6LxhyF8EE+fiNtzwlPqMDqVcc6A==

esbuild-linux-ppc64le@0.15.12:
  version "0.15.12"
  resolved "https://registry.yarnpkg.com/esbuild-linux-ppc64le/-/esbuild-linux-ppc64le-0.15.12.tgz#9e3b8c09825fb27886249dfb3142a750df29a1b7"
  integrity sha512-4D8qUCo+CFKaR0cGXtGyVsOI7w7k93Qxb3KFXWr75An0DHamYzq8lt7TNZKoOq/Gh8c40/aKaxvcZnTgQ0TJNg==

esbuild-linux-riscv64@0.15.12:
  version "0.15.12"
  resolved "https://registry.yarnpkg.com/esbuild-linux-riscv64/-/esbuild-linux-riscv64-0.15.12.tgz#923d0f5b6e12ee0d1fe116b08e4ae4478fe40693"
  integrity sha512-G9w6NcuuCI6TUUxe6ka0enjZHDnSVK8bO+1qDhMOCtl7Tr78CcZilJj8SGLN00zO5iIlwNRZKHjdMpfFgNn1VA==

esbuild-linux-s390x@0.15.12:
  version "0.15.12"
  resolved "https://registry.yarnpkg.com/esbuild-linux-s390x/-/esbuild-linux-s390x-0.15.12.tgz#3b1620220482b96266a0c6d9d471d451a1eab86f"
  integrity sha512-Lt6BDnuXbXeqSlVuuUM5z18GkJAZf3ERskGZbAWjrQoi9xbEIsj/hEzVnSAFLtkfLuy2DE4RwTcX02tZFunXww==

esbuild-netbsd-64@0.15.12:
  version "0.15.12"
  resolved "https://registry.yarnpkg.com/esbuild-netbsd-64/-/esbuild-netbsd-64-0.15.12.tgz#276730f80da646859b1af5a740e7802d8cd73e42"
  integrity sha512-jlUxCiHO1dsqoURZDQts+HK100o0hXfi4t54MNRMCAqKGAV33JCVvMplLAa2FwviSojT/5ZG5HUfG3gstwAG8w==

esbuild-openbsd-64@0.15.12:
  version "0.15.12"
  resolved "https://registry.yarnpkg.com/esbuild-openbsd-64/-/esbuild-openbsd-64-0.15.12.tgz#bd0eea1dd2ca0722ed489d88c26714034429f8ae"
  integrity sha512-1o1uAfRTMIWNOmpf8v7iudND0L6zRBYSH45sofCZywrcf7NcZA+c7aFsS1YryU+yN7aRppTqdUK1PgbZVaB1Dw==

esbuild-sunos-64@0.15.12:
  version "0.15.12"
  resolved "https://registry.yarnpkg.com/esbuild-sunos-64/-/esbuild-sunos-64-0.15.12.tgz#5e56bf9eef3b2d92360d6d29dcde7722acbecc9e"
  integrity sha512-nkl251DpoWoBO9Eq9aFdoIt2yYmp4I3kvQjba3jFKlMXuqQ9A4q+JaqdkCouG3DHgAGnzshzaGu6xofGcXyPXg==

esbuild-windows-32@0.15.12:
  version "0.15.12"
  resolved "https://registry.yarnpkg.com/esbuild-windows-32/-/esbuild-windows-32-0.15.12.tgz#a4f1a301c1a2fa7701fcd4b91ef9d2620cf293d0"
  integrity sha512-WlGeBZHgPC00O08luIp5B2SP4cNCp/PcS+3Pcg31kdcJPopHxLkdCXtadLU9J82LCfw4TVls21A6lilQ9mzHrw==

esbuild-windows-64@0.15.12:
  version "0.15.12"
  resolved "https://registry.yarnpkg.com/esbuild-windows-64/-/esbuild-windows-64-0.15.12.tgz#bc2b467541744d653be4fe64eaa9b0dbbf8e07f6"
  integrity sha512-VActO3WnWZSN//xjSfbiGOSyC+wkZtI8I4KlgrTo5oHJM6z3MZZBCuFaZHd8hzf/W9KPhF0lY8OqlmWC9HO5AA==

esbuild-windows-arm64@0.15.12:
  version "0.15.12"
  resolved "https://registry.yarnpkg.com/esbuild-windows-arm64/-/esbuild-windows-arm64-0.15.12.tgz#9a7266404334a86be800957eaee9aef94c3df328"
  integrity sha512-Of3MIacva1OK/m4zCNIvBfz8VVROBmQT+gRX6pFTLPngFYcj6TFH/12VveAqq1k9VB2l28EoVMNMUCcmsfwyuA==

esbuild@^0.15.9:
  version "0.15.12"
  resolved "https://registry.yarnpkg.com/esbuild/-/esbuild-0.15.12.tgz#6c8e22d6d3b7430d165c33848298d3fc9a1f251c"
  integrity sha512-PcT+/wyDqJQsRVhaE9uX/Oq4XLrFh0ce/bs2TJh4CSaw9xuvI+xFrH2nAYOADbhQjUgAhNWC5LKoUsakm4dxng==
  optionalDependencies:
    "@esbuild/android-arm" "0.15.12"
    "@esbuild/linux-loong64" "0.15.12"
    esbuild-android-64 "0.15.12"
    esbuild-android-arm64 "0.15.12"
    esbuild-darwin-64 "0.15.12"
    esbuild-darwin-arm64 "0.15.12"
    esbuild-freebsd-64 "0.15.12"
    esbuild-freebsd-arm64 "0.15.12"
    esbuild-linux-32 "0.15.12"
    esbuild-linux-64 "0.15.12"
    esbuild-linux-arm "0.15.12"
    esbuild-linux-arm64 "0.15.12"
    esbuild-linux-mips64le "0.15.12"
    esbuild-linux-ppc64le "0.15.12"
    esbuild-linux-riscv64 "0.15.12"
    esbuild-linux-s390x "0.15.12"
    esbuild-netbsd-64 "0.15.12"
    esbuild-openbsd-64 "0.15.12"
    esbuild-sunos-64 "0.15.12"
    esbuild-windows-32 "0.15.12"
    esbuild-windows-64 "0.15.12"
    esbuild-windows-arm64 "0.15.12"

estree-walker@^2.0.2:
  version "2.0.2"
  resolved "https://registry.yarnpkg.com/estree-walker/-/estree-walker-2.0.2.tgz#52f010178c2a4c117a7757cfe942adb7d2da4cac"
  integrity sha512-Rfkk/Mp/DL7JVje3u18FxFujQlTNR2q6QfMSMB7AvCBx91NGj/ba3kCfza0f6dVDbw7YlRf/nDrn7pQrCCyQ/w==

fill-range@^7.0.1:
  version "7.0.1"
  resolved "https://registry.yarnpkg.com/fill-range/-/fill-range-7.0.1.tgz#1919a6a7c75fe38b2c7c77e5198535da9acdda40"
  integrity sha512-qOo9F+dMUmC2Lcb4BbVvnKJxTPjCm+RRpe4gDuGrzkL7mEVl/djYSu2OdQ2Pa302N4oqkSg9ir6jaLWJ2USVpQ==
  dependencies:
    to-regex-range "^5.0.1"

find-cache-dir@^3.3.2:
  version "3.3.2"
  resolved "https://registry.yarnpkg.com/find-cache-dir/-/find-cache-dir-3.3.2.tgz#b30c5b6eff0730731aea9bbd9dbecbd80256d64b"
  integrity sha512-wXZV5emFEjrridIgED11OoUKLxiYjAcqot/NJdAkOhlJ+vGzwhOAfcG5OX1jP+S0PcjEn8bdMJv+g2jwQ3Onig==
  dependencies:
    commondir "^1.0.1"
    make-dir "^3.0.2"
    pkg-dir "^4.1.0"

find-up@^4.0.0:
  version "4.1.0"
  resolved "https://registry.yarnpkg.com/find-up/-/find-up-4.1.0.tgz#97afe7d6cdc0bc5928584b7c8d7b16e8a9aa5d19"
  integrity sha512-PpOwAdQ/YlXQ2vj8a3h8IipDuYRi3wceVQQGYWxNINccq40Anw7BlsEXCMbt1Zt+OLA6Fq9suIpIWD0OsnISlw==
  dependencies:
    locate-path "^5.0.0"
    path-exists "^4.0.0"

fsevents@~2.3.2:
  version "2.3.2"
  resolved "https://registry.yarnpkg.com/fsevents/-/fsevents-2.3.2.tgz#8a526f78b8fdf4623b709e0b975c52c24c02fd1a"
  integrity sha512-xiqMQR4xAeHTuB9uWm+fFRcIOgKBMiOBP+eXiyT7jsgVCq1bkVygt00oASowB7EdtpOHaaPgKt812P9ab+DDKA==

function-bind@^1.1.1:
  version "1.1.1"
  resolved "https://registry.yarnpkg.com/function-bind/-/function-bind-1.1.1.tgz#a56899d3ea3c9bab874bb9773b7c5ede92f4895d"
  integrity sha512-yIovAzMX49sF8Yl58fSCWJ5svSLuaibPxXQJFLmBObTuCr0Mf1KiPopGM9NiFjiYBCbfaa2Fh6breQ6ANVTI0A==

glob-parent@~5.1.2:
  version "5.1.2"
  resolved "https://registry.yarnpkg.com/glob-parent/-/glob-parent-5.1.2.tgz#869832c58034fe68a4093c17dc15e8340d8401c4"
  integrity sha512-AOIgSQCepiJYwP3ARnGx+5VnTu2HBYdzbGP45eLw1vr3zB3vZLeyed1sC9hnbcOc9/SrMyM5RPQrkGz4aS9Zow==
  dependencies:
    is-glob "^4.0.1"

has@^1.0.3:
  version "1.0.3"
  resolved "https://registry.yarnpkg.com/has/-/has-1.0.3.tgz#722d7cbfc1f6aa8241f16dd814e011e1f41e8796"
  integrity sha512-f2dvO0VU6Oej7RkWJGrehjbzMAjFp5/VKPp5tTpWIV4JHHZK1/BxbFRtf/siA2SWTe09caDmVtYYzWEIbBS4zw==
  dependencies:
    function-bind "^1.1.1"

immutable@^4.0.0:
  version "4.1.0"
  resolved "https://registry.yarnpkg.com/immutable/-/immutable-4.1.0.tgz#f795787f0db780183307b9eb2091fcac1f6fafef"
  integrity sha512-oNkuqVTA8jqG1Q6c+UglTOD1xhC1BtjKI7XkCXRkZHrN5m18/XsnUp8Q89GkQO/z+0WjonSvl0FLhDYftp46nQ==

is-binary-path@~2.1.0:
  version "2.1.0"
  resolved "https://registry.yarnpkg.com/is-binary-path/-/is-binary-path-2.1.0.tgz#ea1f7f3b80f064236e83470f86c09c254fb45b09"
  integrity sha512-ZMERYes6pDydyuGidse7OsHxtbI7WVeUEozgR/g7rd0xUimYNlvZRE/K2MgZTjWy725IfelLeVcEM97mmtRGXw==
  dependencies:
    binary-extensions "^2.0.0"

is-core-module@^2.9.0:
  version "2.11.0"
  resolved "https://registry.yarnpkg.com/is-core-module/-/is-core-module-2.11.0.tgz#ad4cb3e3863e814523c96f3f58d26cc570ff0144"
  integrity sha512-RRjxlvLDkD1YJwDbroBHMb+cukurkDWNyHx7D3oNB5x9rb5ogcksMC5wHCadcXoo67gVr/+3GFySh3134zi6rw==
  dependencies:
    has "^1.0.3"

is-extglob@^2.1.1:
  version "2.1.1"
  resolved "https://registry.yarnpkg.com/is-extglob/-/is-extglob-2.1.1.tgz#a88c02535791f02ed37c76a1b9ea9773c833f8c2"
  integrity sha512-SbKbANkN603Vi4jEZv49LeVJMn4yGwsbzZworEoyEiutsN3nJYdbO36zfhGJ6QEDpOZIFkDtnq5JRxmvl3jsoQ==

is-glob@^4.0.1, is-glob@~4.0.1:
  version "4.0.3"
  resolved "https://registry.yarnpkg.com/is-glob/-/is-glob-4.0.3.tgz#64f61e42cbbb2eec2071a9dac0b28ba1e65d5084"
  integrity sha512-xelSayHH36ZgE7ZWhli7pW34hNbNl8Ojv5KVmkJD4hBdD3th8Tfk9vYasLM+mXWOZhFkgZfxhLSnrwRr4elSSg==
  dependencies:
    is-extglob "^2.1.1"

is-number@^7.0.0:
  version "7.0.0"
  resolved "https://registry.yarnpkg.com/is-number/-/is-number-7.0.0.tgz#7535345b896734d5f80c4d06c50955527a14f12b"
  integrity sha512-41Cifkg6e8TylSpdtTpeLVMqvSBEVzTttHvERD741+pnZ8ANv0004MRL43QKPDlK9cGvNp6NZWZUBlbGXYxxng==

locate-path@^5.0.0:
  version "5.0.0"
  resolved "https://registry.yarnpkg.com/locate-path/-/locate-path-5.0.0.tgz#1afba396afd676a6d42504d0a67a3a7eb9f62aa0"
  integrity sha512-t7hw9pI+WvuwNJXwk5zVHpyhIqzg2qTlklJOf0mVxGSbe3Fp2VieZcduNYjaLDoy6p9uGpQEGWG87WpMKlNq8g==
  dependencies:
    p-locate "^4.1.0"

magic-string@^0.25.7:
  version "0.25.9"
  resolved "https://registry.yarnpkg.com/magic-string/-/magic-string-0.25.9.tgz#de7f9faf91ef8a1c91d02c2e5314c8277dbcdd1c"
  integrity sha512-RmF0AsMzgt25qzqqLc1+MbHmhdx0ojF2Fvs4XnOqz2ZOBXzzkEwc/dJQZCYHAn7v1jbVOjAZfK8msRn4BxO4VQ==
  dependencies:
    sourcemap-codec "^1.4.8"

make-dir@^3.0.2:
  version "3.1.0"
  resolved "https://registry.yarnpkg.com/make-dir/-/make-dir-3.1.0.tgz#415e967046b3a7f1d185277d84aa58203726a13f"
  integrity sha512-g3FeP20LNwhALb/6Cz6Dd4F2ngze0jz7tbzrD2wAV+o9FeNHe4rL+yK2md0J/fiSf1sa1ADhXqi5+oVwOM/eGw==
  dependencies:
    semver "^6.0.0"

ms@2.1.2:
  version "2.1.2"
  resolved "https://registry.yarnpkg.com/ms/-/ms-2.1.2.tgz#d09d1f357b443f493382a8eb3ccd183872ae6009"
  integrity sha512-sGkPx+VjMtmA6MX27oA4FBFELFCZZ4S4XqeGOXCv68tT+jb3vk/RyaKWP0PTKyWtmLSM0b+adUTEvbs1PEaH2w==

nanoid@^3.3.4:
  version "3.3.4"
  resolved "https://registry.yarnpkg.com/nanoid/-/nanoid-3.3.4.tgz#730b67e3cd09e2deacf03c027c81c9d9dbc5e8ab"
  integrity sha512-MqBkQh/OHTS2egovRtLk45wEyNXwF+cokD+1YPf9u5VfJiRdAiRwB2froX5Co9Rh20xs4siNPm8naNotSD6RBw==

normalize-path@^3.0.0, normalize-path@~3.0.0:
  version "3.0.0"
  resolved "https://registry.yarnpkg.com/normalize-path/-/normalize-path-3.0.0.tgz#0dcd69ff23a1c9b11fd0978316644a0388216a65"
  integrity sha512-6eZs5Ls3WtCisHWp9S2GUy8dqkpGi4BVSz3GaqiE6ezub0512ESztXUwUB6C6IKbQkY2Pnb/mD4WYojCRwcwLA==

p-limit@^2.2.0:
  version "2.3.0"
  resolved "https://registry.yarnpkg.com/p-limit/-/p-limit-2.3.0.tgz#3dd33c647a214fdfffd835933eb086da0dc21db1"
  integrity sha512-//88mFWSJx8lxCzwdAABTJL2MyWB12+eIY7MDL2SqLmAkeKU9qxRvWuSyTjm3FUmpBEMuFfckAIqEaVGUDxb6w==
  dependencies:
    p-try "^2.0.0"

p-locate@^4.1.0:
  version "4.1.0"
  resolved "https://registry.yarnpkg.com/p-locate/-/p-locate-4.1.0.tgz#a3428bb7088b3a60292f66919278b7c297ad4f07"
  integrity sha512-R79ZZ/0wAxKGu3oYMlz8jy/kbhsNrS7SKZ7PxEHBgJ5+F2mtFW2fK2cOtBh1cHYkQsbzFV7I+EoRKe6Yt0oK7A==
  dependencies:
    p-limit "^2.2.0"

p-try@^2.0.0:
  version "2.2.0"
  resolved "https://registry.yarnpkg.com/p-try/-/p-try-2.2.0.tgz#cb2868540e313d61de58fafbe35ce9004d5540e6"
  integrity sha512-R4nPAVTAU0B9D35/Gk3uJf/7XYbQcyohSKdvAxIRSNghFl4e71hVoGnBNQz9cWaXxO2I10KTC+3jMdvvoKw6dQ==

path-exists@^4.0.0:
  version "4.0.0"
  resolved "https://registry.yarnpkg.com/path-exists/-/path-exists-4.0.0.tgz#513bdbe2d3b95d7762e8c1137efa195c6c61b5b3"
  integrity sha512-ak9Qy5Q7jYb2Wwcey5Fpvg2KoAc/ZIhLSLOSBmRmygPsGwkVVt0fZa0qrtMz+m6tJTAHfZQ8FnmB4MG4LWy7/w==

path-parse@^1.0.7:
  version "1.0.7"
  resolved "https://registry.yarnpkg.com/path-parse/-/path-parse-1.0.7.tgz#fbc114b60ca42b30d9daf5858e4bd68bbedb6735"
  integrity sha512-LDJzPVEEEPR+y48z93A0Ed0yXb8pAByGWo/k5YYdYgpY2/2EsOsksJrq7lOHxryrVOn1ejG6oAp8ahvOIQD8sw==

picocolors@^1.0.0:
  version "1.0.0"
  resolved "https://registry.yarnpkg.com/picocolors/-/picocolors-1.0.0.tgz#cb5bdc74ff3f51892236eaf79d68bc44564ab81c"
  integrity sha512-1fygroTLlHu66zi26VoTDv8yRgm0Fccecssto+MhsZ0D/DGW2sm8E8AjW7NU5VVTRt5GxbeZ5qBuJr+HyLYkjQ==

picomatch@^2.0.4, picomatch@^2.2.1:
  version "2.3.1"
  resolved "https://registry.yarnpkg.com/picomatch/-/picomatch-2.3.1.tgz#3ba3833733646d9d3e4995946c1365a67fb07a42"
  integrity sha512-JU3teHTNjmE2VCGFzuY8EXzCDVwEqB2a8fsIvwaStHhAWJEeVd1o1QD80CU6+ZdEXXSLbSsuLwJjkCBWqRQUVA==

pkg-dir@^4.1.0:
  version "4.2.0"
  resolved "https://registry.yarnpkg.com/pkg-dir/-/pkg-dir-4.2.0.tgz#f099133df7ede422e81d1d8448270eeb3e4261f3"
  integrity sha512-HRDzbaKjC+AOWVXxAU/x54COGeIv9eb+6CkDSQoNTt4XyWoIJvuPsXizxu/Fr23EiekbtZwmh1IcIG/l/a10GQ==
  dependencies:
    find-up "^4.0.0"

postcss@^8.1.10, postcss@^8.4.18:
  version "8.4.18"
  resolved "https://registry.yarnpkg.com/postcss/-/postcss-8.4.18.tgz#6d50046ea7d3d66a85e0e782074e7203bc7fbca2"
  integrity sha512-Wi8mWhncLJm11GATDaQKobXSNEYGUHeQLiQqDFG1qQ5UTDPTEvKw0Xt5NsTpktGTwLps3ByrWsBrG0rB8YQ9oA==
  dependencies:
    nanoid "^3.3.4"
    picocolors "^1.0.0"
    source-map-js "^1.0.2"

readdirp@~3.6.0:
  version "3.6.0"
  resolved "https://registry.yarnpkg.com/readdirp/-/readdirp-3.6.0.tgz#74a370bd857116e245b29cc97340cd431a02a6c7"
  integrity sha512-hOS089on8RduqdbhvQ5Z37A0ESjsqz6qnRcffsMU3495FuTdqSm+7bhJ29JvIOsBDEEnan5DPu9t3To9VRlMzA==
  dependencies:
    picomatch "^2.2.1"

resolve@^1.22.1:
  version "1.22.1"
  resolved "https://registry.yarnpkg.com/resolve/-/resolve-1.22.1.tgz#27cb2ebb53f91abb49470a928bba7558066ac177"
  integrity sha512-nBpuuYuY5jFsli/JIs1oldw6fOQCBioohqWZg/2hiaOybXOft4lonv85uDOKXdf8rhyK159cxU5cDcK/NKk8zw==
  dependencies:
    is-core-module "^2.9.0"
    path-parse "^1.0.7"
    supports-preserve-symlinks-flag "^1.0.0"

rollup@^2.79.1:
  version "2.79.1"
  resolved "https://registry.yarnpkg.com/rollup/-/rollup-2.79.1.tgz#bedee8faef7c9f93a2647ac0108748f497f081c7"
  integrity sha512-uKxbd0IhMZOhjAiD5oAFp7BqvkA4Dv47qpOCtaNvng4HBwdbWtdOh8f5nZNuk2rp51PMGk3bzfWu5oayNEuYnw==
  optionalDependencies:
    fsevents "~2.3.2"

sass@^1.55.0:
  version "1.55.0"
  resolved "https://registry.yarnpkg.com/sass/-/sass-1.55.0.tgz#0c4d3c293cfe8f8a2e8d3b666e1cf1bff8065d1c"
  integrity sha512-Pk+PMy7OGLs9WaxZGJMn7S96dvlyVBwwtToX895WmCpAOr5YiJYEUJfiJidMuKb613z2xNWcXCHEuOvjZbqC6A==
  dependencies:
    chokidar ">=3.0.0 <4.0.0"
    immutable "^4.0.0"
    source-map-js ">=0.6.2 <2.0.0"

semver@^6.0.0:
  version "6.3.0"
  resolved "https://registry.yarnpkg.com/semver/-/semver-6.3.0.tgz#ee0a64c8af5e8ceea67687b133761e1becbd1d3d"
  integrity sha512-b39TBaTSfV6yBrapU89p5fKekE2m/NwnDocOVruQFS1/veMgdzuPcnOM34M6CwxW8jH/lxEa5rBoDeUwu5HHTw==

"source-map-js@>=0.6.2 <2.0.0", source-map-js@^1.0.2:
  version "1.0.2"
  resolved "https://registry.yarnpkg.com/source-map-js/-/source-map-js-1.0.2.tgz#adbc361d9c62df380125e7f161f71c826f1e490c"
  integrity sha512-R0XvVJ9WusLiqTCEiGCmICCMplcCkIwwR11mOSD9CR5u+IXYdiseeEuXCVAjS54zqwkLcPNnmU4OeJ6tUrWhDw==

source-map@0.6.1, source-map@^0.6.1:
  version "0.6.1"
  resolved "https://registry.yarnpkg.com/source-map/-/source-map-0.6.1.tgz#74722af32e9614e9c287a8d0bbde48b5e2f1a263"
  integrity sha512-UjgapumWlbMhkBgzT7Ykc5YXUT46F0iKu8SGXq0bcwP5dz/h0Plj6enJqjz1Zbq2l5WaqYnrVbwWOWMyF3F47g==

sourcemap-codec@^1.4.8:
  version "1.4.8"
  resolved "https://registry.yarnpkg.com/sourcemap-codec/-/sourcemap-codec-1.4.8.tgz#ea804bd94857402e6992d05a38ef1ae35a9ab4c4"
  integrity sha512-9NykojV5Uih4lgo5So5dtw+f0JgJX30KCNI8gwhz2J9A15wD0Ml6tjHKwf6fTSa6fAdVBdZeNOs9eJ71qCk8vA==

ssr-window@^4.0.0, ssr-window@^4.0.2:
  version "4.0.2"
  resolved "https://registry.yarnpkg.com/ssr-window/-/ssr-window-4.0.2.tgz#dc6b3ee37be86ac0e3ddc60030f7b3bc9b8553be"
  integrity sha512-ISv/Ch+ig7SOtw7G2+qkwfVASzazUnvlDTwypdLoPoySv+6MqlOV10VwPSE6EWkGjhW50lUmghPmpYZXMu/+AQ==

supports-preserve-symlinks-flag@^1.0.0:
  version "1.0.0"
  resolved "https://registry.yarnpkg.com/supports-preserve-symlinks-flag/-/supports-preserve-symlinks-flag-1.0.0.tgz#6eda4bd344a3c94aea376d4cc31bc77311039e09"
  integrity sha512-ot0WnXS9fgdkgIcePe6RHNk1WA8+muPa6cSjeR3V8K27q9BB1rTE3R1p7Hv0z1ZyAc8s6Vvv8DIyWf681MAt0w==

swiper@^8.4.4:
  version "8.4.4"
  resolved "https://registry.yarnpkg.com/swiper/-/swiper-8.4.4.tgz#868ccad5384624e84143b469c75bc54ba004e668"
  integrity sha512-jA/8BfOZwT8PqPSnMX0TENZYitXEhNa7ZSNj1Diqh5LZyUJoBQaZcqAiPQ/PIg1+IPaRn/V8ZYVb0nxHMh51yw==
  dependencies:
    dom7 "^4.0.4"
    ssr-window "^4.0.2"

to-regex-range@^5.0.1:
  version "5.0.1"
  resolved "https://registry.yarnpkg.com/to-regex-range/-/to-regex-range-5.0.1.tgz#1648c44aae7c8d988a326018ed72f5b4dd0392e4"
  integrity sha512-65P7iz6X5yEr1cwcgvQxbbIw7Uk3gOy5dIdtZ4rDveLqhrdJP+Li/Hx6tyK0NEb+2GCyneCMJiGqrADCSNk8sQ==
  dependencies:
    is-number "^7.0.0"

upath@^2.0.1:
  version "2.0.1"
  resolved "https://registry.yarnpkg.com/upath/-/upath-2.0.1.tgz#50c73dea68d6f6b990f51d279ce6081665d61a8b"
  integrity sha512-1uEe95xksV1O0CYKXo8vQvN1JEbtJp7lb7C5U9HMsIp6IVwntkH/oNUzyVNQSd4S1sYk2FpSSW44FqMc8qee5w==

vite@^3.2.0:
  version "3.2.2"
  resolved "https://registry.yarnpkg.com/vite/-/vite-3.2.2.tgz#280762bfaf47bcea1d12698427331c0009ac7c1f"
  integrity sha512-pLrhatFFOWO9kS19bQ658CnRYzv0WLbsPih6R+iFeEEhDOuYgYCX2rztUViMz/uy/V8cLCJvLFeiOK7RJEzHcw==
  dependencies:
    esbuild "^0.15.9"
    postcss "^8.4.18"
    resolve "^1.22.1"
    rollup "^2.79.1"
  optionalDependencies:
    fsevents "~2.3.2"

vue-demi@*:
  version "0.13.11"
  resolved "https://registry.yarnpkg.com/vue-demi/-/vue-demi-0.13.11.tgz#7d90369bdae8974d87b1973564ad390182410d99"
  integrity sha512-IR8HoEEGM65YY3ZJYAjMlKygDQn25D5ajNFNoKh9RSDMQtlzCxtfQjdQgv9jjK+m3377SsJXY8ysq8kLCZL25A==

vue-i18n@^9.2.2:
  version "9.2.2"
  resolved "https://registry.yarnpkg.com/vue-i18n/-/vue-i18n-9.2.2.tgz#aeb49d9424923c77e0d6441e3f21dafcecd0e666"
  integrity sha512-yswpwtj89rTBhegUAv9Mu37LNznyu3NpyLQmozF3i1hYOhwpG8RjcjIFIIfnu+2MDZJGSZPXaKWvnQA71Yv9TQ==
  dependencies:
    "@intlify/core-base" "9.2.2"
    "@intlify/shared" "9.2.2"
    "@intlify/vue-devtools" "9.2.2"
    "@vue/devtools-api" "^6.2.1"

vue-router@^4.1.6:
  version "4.1.6"
  resolved "https://registry.yarnpkg.com/vue-router/-/vue-router-4.1.6.tgz#b70303737e12b4814578d21d68d21618469375a1"
  integrity sha512-DYWYwsG6xNPmLq/FmZn8Ip+qrhFEzA14EI12MsMgVxvHFDYvlr4NXpVF5hrRH1wVcDP8fGi5F4rxuJSl8/r+EQ==
  dependencies:
    "@vue/devtools-api" "^6.4.5"

vue@^3.2.41:
  version "3.2.41"
  resolved "https://registry.yarnpkg.com/vue/-/vue-3.2.41.tgz#ed452b8a0f7f2b962f055c8955139c28b1c06806"
  integrity sha512-uuuvnrDXEeZ9VUPljgHkqB5IaVO8SxhPpqF2eWOukVrBnRBx2THPSGQBnVRt0GrIG1gvCmFXMGbd7FqcT1ixNQ==
  dependencies:
    "@vue/compiler-dom" "3.2.41"
    "@vue/compiler-sfc" "3.2.41"
    "@vue/runtime-dom" "3.2.41"
    "@vue/server-renderer" "3.2.41"
    "@vue/shared" "3.2.41"
